
Microsoft Visual Studio Solution File, Format Version 12.00
# Visual Studio 15
Project("{FAE04EC0-301F-11D3-BF4B-00C04F79EFBC}") = "DataGrid", "DataGrid\DataGrid.csproj", "{03C91F03-CB06-4DBF-92F5-61AA4032CE81}"
EndProject
Project("{FAE04EC0-301F-11D3-BF4B-00C04F79EFBC}") = "DataGrid.Tests", "DataGrid.Tests\DataGrid.Tests.csproj", "{6006B898-93E9-4C52-A14F-8E2E642958F8}"
EndProject
Global
	GlobalSection(SolutionConfigurationPlatforms) = preSolution
		Debug|Any CPU = Debug|Any CPU
		Release|Any CPU = Release|Any CPU
	EndGlobalSection
	GlobalSection(ProjectConfigurationPlatforms) = postSolution
		{03C91F03-CB06-4DBF-92F5-61AA4032CE81}.Debug|Any CPU.ActiveCfg = Debug|Any CPU
		{03C91F03-CB06-4DBF-92F5-61AA4032CE81}.Debug|Any CPU.Build.0 = Debug|Any CPU
		{03C91F03-CB06-4DBF-92F5-61AA4032CE81}.Release|Any CPU.ActiveCfg = Release|Any CPU
		{03C91F03-CB06-4DBF-92F5-61AA4032CE81}.Release|Any CPU.Build.0 = Release|Any CPU
		{6006B898-93E9-4C52-A14F-8E2E642958F8}.Debug|Any CPU.ActiveCfg = Debug|Any CPU
		{6006B898-93E9-4C52-A14F-8E2E642958F8}.Debug|Any CPU.Build.0 = Debug|Any CPU
		{6006B898-93E9-4C52-A14F-8E2E642958F8}.Release|Any CPU.ActiveCfg = Release|Any CPU
		{6006B898-93E9-4C52-A14F-8E2E642958F8}.Release|Any CPU.Build.0 = Release|Any CPU
	EndGlobalSection
EndGlobal
